// !$*UTF8*$!
{
	archiveVersion = 1;
	classes = {
	};
	objectVersion = 46;
	objects = {

/* Begin PBXBuildFile section */
		1A619DC01D09927A009F8EA9 /* main.m in Sources */ = {isa = PBXBuildFile; fileRef = 1A619DBF1D09927A009F8EA9 /* main.m */; };
		1A619DC31D09927A009F8EA9 /* AppDelegate.m in Sources */ = {isa = PBXBuildFile; fileRef = 1A619DC21D09927A009F8EA9 /* AppDelegate.m */; };
		1A619DCB1D09927A009F8EA9 /* Assets.xcassets in Resources */ = {isa = PBXBuildFile; fileRef = 1A619DCA1D09927A009F8EA9 /* Assets.xcassets */; };
		1A619DCE1D09927A009F8EA9 /* LaunchScreen.storyboard in Resources */ = {isa = PBXBuildFile; fileRef = 1A619DCC1D09927A009F8EA9 /* LaunchScreen.storyboard */; };
		1A619DDF1D09C1A9009F8EA9 /* MarkerInteractor.m in Sources */ = {isa = PBXBuildFile; fileRef = 1A619DDE1D09C1A9009F8EA9 /* MarkerInteractor.m */; };
		1A619DE21D09C1C0009F8EA9 /* MarkerDomainModel.m in Sources */ = {isa = PBXBuildFile; fileRef = 1A619DE11D09C1C0009F8EA9 /* MarkerDomainModel.m */; };
		1A619DE51D09C22D009F8EA9 /* MarkerView.m in Sources */ = {isa = PBXBuildFile; fileRef = 1A619DE41D09C22D009F8EA9 /* MarkerView.m */; };
		1A619DE81D09C241009F8EA9 /* MarkerVC.m in Sources */ = {isa = PBXBuildFile; fileRef = 1A619DE71D09C241009F8EA9 /* MarkerVC.m */; };
		1A619DEB1D09C27B009F8EA9 /* MarkerWireframe.m in Sources */ = {isa = PBXBuildFile; fileRef = 1A619DEA1D09C27B009F8EA9 /* MarkerWireframe.m */; };
		1A619DF01D09C7D8009F8EA9 /* MarkerPresenter.m in Sources */ = {isa = PBXBuildFile; fileRef = 1A619DEF1D09C7D8009F8EA9 /* MarkerPresenter.m */; };
/* End PBXBuildFile section */

/* Begin PBXFileReference section */
		1A619DBB1D09927A009F8EA9 /* Viper.app */ = {isa = PBXFileReference; explicitFileType = wrapper.application; includeInIndex = 0; path = Viper.app; sourceTree = BUILT_PRODUCTS_DIR; };
		1A619DBF1D09927A009F8EA9 /* main.m */ = {isa = PBXFileReference; lastKnownFileType = sourcecode.c.objc; path = main.m; sourceTree = "<group>"; };
		1A619DC11D09927A009F8EA9 /* AppDelegate.h */ = {isa = PBXFileReference; lastKnownFileType = sourcecode.c.h; path = AppDelegate.h; sourceTree = "<group>"; };
		1A619DC21D09927A009F8EA9 /* AppDelegate.m */ = {isa = PBXFileReference; lastKnownFileType = sourcecode.c.objc; path = AppDelegate.m; sourceTree = "<group>"; };
		1A619DCA1D09927A009F8EA9 /* Assets.xcassets */ = {isa = PBXFileReference; lastKnownFileType = folder.assetcatalog; path = Assets.xcassets; sourceTree = "<group>"; };
		1A619DCD1D09927A009F8EA9 /* Base */ = {isa = PBXFileReference; lastKnownFileType = file.storyboard; name = Base; path = Base.lproj/LaunchScreen.storyboard; sourceTree = "<group>"; };
		1A619DCF1D09927A009F8EA9 /* Info.plist */ = {isa = PBXFileReference; lastKnownFileType = text.plist.xml; path = Info.plist; sourceTree = "<group>"; };
		1A619DDD1D09C1A9009F8EA9 /* MarkerInteractor.h */ = {isa = PBXFileReference; fileEncoding = 4; lastKnownFileType = sourcecode.c.h; path = MarkerInteractor.h; sourceTree = "<group>"; };
		1A619DDE1D09C1A9009F8EA9 /* MarkerInteractor.m */ = {isa = PBXFileReference; fileEncoding = 4; lastKnownFileType = sourcecode.c.objc; path = MarkerInteractor.m; sourceTree = "<group>"; };
		1A619DE01D09C1C0009F8EA9 /* MarkerDomainModel.h */ = {isa = PBXFileReference; fileEncoding = 4; lastKnownFileType = sourcecode.c.h; path = MarkerDomainModel.h; sourceTree = "<group>"; };
		1A619DE11D09C1C0009F8EA9 /* MarkerDomainModel.m */ = {isa = PBXFileReference; fileEncoding = 4; lastKnownFileType = sourcecode.c.objc; path = MarkerDomainModel.m; sourceTree = "<group>"; };
		1A619DE31D09C22D009F8EA9 /* MarkerView.h */ = {isa = PBXFileReference; fileEncoding = 4; lastKnownFileType = sourcecode.c.h; path = MarkerView.h; sourceTree = "<group>"; };
		1A619DE41D09C22D009F8EA9 /* MarkerView.m */ = {isa = PBXFileReference; fileEncoding = 4; lastKnownFileType = sourcecode.c.objc; path = MarkerView.m; sourceTree = "<group>"; };
		1A619DE61D09C241009F8EA9 /* MarkerVC.h */ = {isa = PBXFileReference; fileEncoding = 4; lastKnownFileType = sourcecode.c.h; path = MarkerVC.h; sourceTree = "<group>"; };
		1A619DE71D09C241009F8EA9 /* MarkerVC.m */ = {isa = PBXFileReference; fileEncoding = 4; lastKnownFileType = sourcecode.c.objc; path = MarkerVC.m; sourceTree = "<group>"; };
		1A619DE91D09C27B009F8EA9 /* MarkerWireframe.h */ = {isa = PBXFileReference; fileEncoding = 4; lastKnownFileType = sourcecode.c.h; path = MarkerWireframe.h; sourceTree = "<group>"; };
		1A619DEA1D09C27B009F8EA9 /* MarkerWireframe.m */ = {isa = PBXFileReference; fileEncoding = 4; lastKnownFileType = sourcecode.c.objc; path = MarkerWireframe.m; sourceTree = "<group>"; };
		1A619DEC1D09C701009F8EA9 /* MarkerIO.h */ = {isa = PBXFileReference; fileEncoding = 4; lastKnownFileType = sourcecode.c.h; path = MarkerIO.h; sourceTree = "<group>"; };
		1A619DEE1D09C7D8009F8EA9 /* MarkerPresenter.h */ = {isa = PBXFileReference; fileEncoding = 4; lastKnownFileType = sourcecode.c.h; path = MarkerPresenter.h; sourceTree = "<group>"; };
		1A619DEF1D09C7D8009F8EA9 /* MarkerPresenter.m */ = {isa = PBXFileReference; fileEncoding = 4; lastKnownFileType = sourcecode.c.objc; path = MarkerPresenter.m; sourceTree = "<group>"; };
/* End PBXFileReference section */

/* Begin PBXFrameworksBuildPhase section */
		1A619DB81D09927A009F8EA9 /* Frameworks */ = {
			isa = PBXFrameworksBuildPhase;
			buildActionMask = 2147483647;
			files = (
			);
			runOnlyForDeploymentPostprocessing = 0;
		};
/* End PBXFrameworksBuildPhase section */

/* Begin PBXGroup section */
		1A619DB21D09927A009F8EA9 = {
			isa = PBXGroup;
			children = (
				1A619DBD1D09927A009F8EA9 /* Viper */,
				1A619DBC1D09927A009F8EA9 /* Products */,
			);
			sourceTree = "<group>";
		};
		1A619DBC1D09927A009F8EA9 /* Products */ = {
			isa = PBXGroup;
			children = (
				1A619DBB1D09927A009F8EA9 /* Viper.app */,
			);
			name = Products;
			sourceTree = "<group>";
		};
		1A619DBD1D09927A009F8EA9 /* Viper */ = {
			isa = PBXGroup;
			children = (
				1A619DD51D09C16E009F8EA9 /* MarkerModule */,
				1A619DC11D09927A009F8EA9 /* AppDelegate.h */,
				1A619DC21D09927A009F8EA9 /* AppDelegate.m */,
				1A619DCA1D09927A009F8EA9 /* Assets.xcassets */,
				1A619DCC1D09927A009F8EA9 /* LaunchScreen.storyboard */,
				1A619DCF1D09927A009F8EA9 /* Info.plist */,
				1A619DBE1D09927A009F8EA9 /* Supporting Files */,
			);
			path = Viper;
			sourceTree = "<group>";
		};
		1A619DBE1D09927A009F8EA9 /* Supporting Files */ = {
			isa = PBXGroup;
			children = (
				1A619DBF1D09927A009F8EA9 /* main.m */,
			);
			name = "Supporting Files";
			sourceTree = "<group>";
		};
		1A619DD51D09C16E009F8EA9 /* MarkerModule */ = {
			isa = PBXGroup;
			children = (
				1A619DD61D09C16E009F8EA9 /* ApplicationLogic */,
				1A619DD91D09C16E009F8EA9 /* ModuleInterface */,
				1A619DDA1D09C16E009F8EA9 /* UserInterface */,
			);
			path = MarkerModule;
			sourceTree = "<group>";
		};
		1A619DD61D09C16E009F8EA9 /* ApplicationLogic */ = {
			isa = PBXGroup;
			children = (
				1A619DD71D09C16E009F8EA9 /* Interactor */,
				1A619DD81D09C16E009F8EA9 /* Model */,
			);
			path = ApplicationLogic;
			sourceTree = "<group>";
		};
		1A619DD71D09C16E009F8EA9 /* Interactor */ = {
			isa = PBXGroup;
			children = (
				1A619DDD1D09C1A9009F8EA9 /* MarkerInteractor.h */,
				1A619DDE1D09C1A9009F8EA9 /* MarkerInteractor.m */,
			);
			path = Interactor;
			sourceTree = "<group>";
		};
		1A619DD81D09C16E009F8EA9 /* Model */ = {
			isa = PBXGroup;
			children = (
				1A619DE01D09C1C0009F8EA9 /* MarkerDomainModel.h */,
				1A619DE11D09C1C0009F8EA9 /* MarkerDomainModel.m */,
			);
			path = Model;
			sourceTree = "<group>";
		};
		1A619DD91D09C16E009F8EA9 /* ModuleInterface */ = {
			isa = PBXGroup;
			children = (
				1A619DEC1D09C701009F8EA9 /* MarkerIO.h */,
			);
			path = ModuleInterface;
			sourceTree = "<group>";
		};
		1A619DDA1D09C16E009F8EA9 /* UserInterface */ = {
			isa = PBXGroup;
			children = (
				1A619DED1D09C7C5009F8EA9 /* Presenter */,
				1A619DDB1D09C16E009F8EA9 /* View */,
				1A619DDC1D09C16E009F8EA9 /* Wireframe */,
			);
			path = UserInterface;
			sourceTree = "<group>";
		};
		1A619DDB1D09C16E009F8EA9 /* View */ = {
			isa = PBXGroup;
			children = (
				1A619DE31D09C22D009F8EA9 /* MarkerView.h */,
				1A619DE41D09C22D009F8EA9 /* MarkerView.m */,
				1A619DE61D09C241009F8EA9 /* MarkerVC.h */,
				1A619DE71D09C241009F8EA9 /* MarkerVC.m */,
			);
			path = View;
			sourceTree = "<group>";
		};
		1A619DDC1D09C16E009F8EA9 /* Wireframe */ = {
			isa = PBXGroup;
			children = (
				1A619DE91D09C27B009F8EA9 /* MarkerWireframe.h */,
				1A619DEA1D09C27B009F8EA9 /* MarkerWireframe.m */,
			);
			path = Wireframe;
			sourceTree = "<group>";
		};
		1A619DED1D09C7C5009F8EA9 /* Presenter */ = {
			isa = PBXGroup;
			children = (
				1A619DEE1D09C7D8009F8EA9 /* MarkerPresenter.h */,
				1A619DEF1D09C7D8009F8EA9 /* MarkerPresenter.m */,
			);
			path = Presenter;
			sourceTree = "<group>";
		};
/* End PBXGroup section */

/* Begin PBXNativeTarget section */
		1A619DBA1D09927A009F8EA9 /* Viper */ = {
			isa = PBXNativeTarget;
			buildConfigurationList = 1A619DD21D09927A009F8EA9 /* Build configuration list for PBXNativeTarget "Viper" */;
			buildPhases = (
				1A619DB71D09927A009F8EA9 /* Sources */,
				1A619DB81D09927A009F8EA9 /* Frameworks */,
				1A619DB91D09927A009F8EA9 /* Resources */,
			);
			buildRules = (
			);
			dependencies = (
			);
			name = Viper;
			productName = Viper;
			productReference = 1A619DBB1D09927A009F8EA9 /* Viper.app */;
			productType = "com.apple.product-type.application";
		};
/* End PBXNativeTarget section */

/* Begin PBXProject section */
		1A619DB31D09927A009F8EA9 /* Project object */ = {
			isa = PBXProject;
			attributes = {
				LastUpgradeCheck = 0730;
				ORGANIZATIONNAME = "Nikita Vintonovich";
				TargetAttributes = {
					1A619DBA1D09927A009F8EA9 = {
						CreatedOnToolsVersion = 7.3;
					};
				};
			};
			buildConfigurationList = 1A619DB61D09927A009F8EA9 /* Build configuration list for PBXProject "Viper" */;
			compatibilityVersion = "Xcode 3.2";
			developmentRegion = English;
			hasScannedForEncodings = 0;
			knownRegions = (
				en,
				Base,
			);
			mainGroup = 1A619DB21D09927A009F8EA9;
			productRefGroup = 1A619DBC1D09927A009F8EA9 /* Products */;
			projectDirPath = "";
			projectRoot = "";
			targets = (
				1A619DBA1D09927A009F8EA9 /* Viper */,
			);
		};
/* End PBXProject section */

/* Begin PBXResourcesBuildPhase section */
		1A619DB91D09927A009F8EA9 /* Resources */ = {
			isa = PBXResourcesBuildPhase;
			buildActionMask = 2147483647;
			files = (
				1A619DCE1D09927A009F8EA9 /* LaunchScreen.storyboard in Resources */,
				1A619DCB1D09927A009F8EA9 /* Assets.xcassets in Resources */,
			);
			runOnlyForDeploymentPostprocessing = 0;
		};
/* End PBXResourcesBuildPhase section */

/* Begin PBXSourcesBuildPhase section */
		1A619DB71D09927A009F8EA9 /* Sources */ = {
			isa = PBXSourcesBuildPhase;
			buildActionMask = 2147483647;
			files = (
				1A619DE51D09C22D009F8EA9 /* MarkerView.m in Sources */,
				1A619DDF1D09C1A9009F8EA9 /* MarkerInteractor.m in Sources */,
				1A619DE81D09C241009F8EA9 /* MarkerVC.m in Sources */,
				1A619DE21D09C1C0009F8EA9 /* MarkerDomainModel.m in Sources */,
				1A619DC31D09927A009F8EA9 /* AppDelegate.m in Sources */,
				1A619DEB1D09C27B009F8EA9 /* MarkerWireframe.m in Sources */,
				1A619DF01D09C7D8009F8EA9 /* MarkerPresenter.m in Sources */,
				1A619DC01D09927A009F8EA9 /* main.m in Sources */,
			);
			runOnlyForDeploymentPostprocessing = 0;
		};
/* End PBXSourcesBuildPhase section */

/* Begin PBXVariantGroup section */
		1A619DCC1D09927A009F8EA9 /* LaunchScreen.storyboard */ = {
			isa = PBXVariantGroup;
			children = (
				1A619DCD1D09927A009F8EA9 /* Base */,
			);
			name = LaunchScreen.storyboard;
			sourceTree = "<group>";
		};
/* End PBXVariantGroup section */

/* Begin XCBuildConfiguration section */
		1A619DD01D09927A009F8EA9 /* Debug */ = {
			isa = XCBuildConfiguration;
			buildSettings = {
				ALWAYS_SEARCH_USER_PATHS = NO;
				CLANG_ANALYZER_NONNULL = YES;
				CLANG_CXX_LANGUAGE_STANDARD = "gnu++0x";
				CLANG_CXX_LIBRARY = "libc++";
				CLANG_ENABLE_MODULES = YES;
				CLANG_ENABLE_OBJC_ARC = YES;
				CLANG_WARN_BOOL_CONVERSION = YES;
				CLANG_WARN_CONSTANT_CONVERSION = YES;
				CLANG_WARN_DIRECT_OBJC_ISA_USAGE = YES_ERROR;
				CLANG_WARN_EMPTY_BODY = YES;
				CLANG_WARN_ENUM_CONVERSION = YES;
				CLANG_WARN_INT_CONVERSION = YES;
				CLANG_WARN_OBJC_ROOT_CLASS = YES_ERROR;
				CLANG_WARN_UNREACHABLE_CODE = YES;
				CLANG_WARN__DUPLICATE_METHOD_MATCH = YES;
				"CODE_SIGN_IDENTITY[sdk=iphoneos*]" = "iPhone Developer";
				COPY_PHASE_STRIP = NO;
				DEBUG_INFORMATION_FORMAT = dwarf;
				ENABLE_STRICT_OBJC_MSGSEND = YES;
				ENABLE_TESTABILITY = YES;
				GCC_C_LANGUAGE_STANDARD = gnu99;
				GCC_DYNAMIC_NO_PIC = NO;
				GCC_NO_COMMON_BLOCKS = YES;
				GCC_OPTIMIZATION_LEVEL = 0;
				GCC_PREPROCESSOR_DEFINITIONS = (
					"DEBUG=1",
					"$(inherited)",
				);
				GCC_WARN_64_TO_32_BIT_CONVERSION = YES;
				GCC_WARN_ABOUT_RETURN_TYPE = YES_ERROR;
				GCC_WARN_UNDECLARED_SELECTOR = YES;
				GCC_WARN_UNINITIALIZED_AUTOS = YES_AGGRESSIVE;
				GCC_WARN_UNUSED_FUNCTION = YES;
				GCC_WARN_UNUSED_VARIABLE = YES;
				IPHONEOS_DEPLOYMENT_TARGET = 9.3;
				MTL_ENABLE_DEBUG_INFO = YES;
				ONLY_ACTIVE_ARCH = YES;
				SDKROOT = iphoneos;
				TARGETED_DEVICE_FAMILY = "1,2";
			};
			name = Debug;
		};
		1A619DD11D09927A009F8EA9 /* Release */ = {
			isa = XCBuildConfiguration;
			buildSettings = {
				ALWAYS_SEARCH_USER_PATHS = NO;
				CLANG_ANALYZER_NONNULL = YES;
				CLANG_CXX_LANGUAGE_STANDARD = "gnu++0x";
				CLANG_CXX_LIBRARY = "libc++";
				CLANG_ENABLE_MODULES = YES;
				CLANG_ENABLE_OBJC_ARC = YES;
				CLANG_WARN_BOOL_CONVERSION = YES;
				CLANG_WARN_CONSTANT_CONVERSION = YES;
				CLANG_WARN_DIRECT_OBJC_ISA_USAGE = YES_ERROR;
				CLANG_WARN_EMPTY_BODY = YES;
				CLANG_WARN_ENUM_CONVERSION = YES;
				CLANG_WARN_INT_CONVERSION = YES;
				CLANG_WARN_OBJC_ROOT_CLASS = YES_ERROR;
				CLANG_WARN_UNREACHABLE_CODE = YES;
				CLANG_WARN__DUPLICATE_METHOD_MATCH = YES;
				"CODE_SIGN_IDENTITY[sdk=iphoneos*]" = "iPhone Developer";
				COPY_PHASE_STRIP = NO;
				DEBUG_INFORMATION_FORMAT = "dwarf-with-dsym";
				ENABLE_NS_ASSERTIONS = NO;
				ENABLE_STRICT_OBJC_MSGSEND = YES;
				GCC_C_LANGUAGE_STANDARD = gnu99;
				GCC_NO_COMMON_BLOCKS = YES;
				GCC_WARN_64_TO_32_BIT_CONVERSION = YES;
				GCC_WARN_ABOUT_RETURN_TYPE = YES_ERROR;
				GCC_WARN_UNDECLARED_SELECTOR = YES;
				GCC_WARN_UNINITIALIZED_AUTOS = YES_AGGRESSIVE;
				GCC_WARN_UNUSED_FUNCTION = YES;
				GCC_WARN_UNUSED_VARIABLE = YES;
				IPHONEOS_DEPLOYMENT_TARGET = 9.3;
				MTL_ENABLE_DEBUG_INFO = NO;
				SDKROOT = iphoneos;
				TARGETED_DEVICE_FAMILY = "1,2";
				VALIDATE_PRODUCT = YES;
			};
			name = Release;
		};
		1A619DD31D09927A009F8EA9 /* Debug */ = {
			isa = XCBuildConfiguration;
			buildSettings = {
				ASSETCATALOG_COMPILER_APPICON_NAME = AppIcon;
				INFOPLIST_FILE = Viper/Info.plist;
				LD_RUNPATH_SEARCH_PATHS = "$(inherited) @executable_path/Frameworks";
				PRODUCT_BUNDLE_IDENTIFIER = VINT.Viper;
				PRODUCT_NAME = "$(TARGET_NAME)";
			};
			name = Debug;
		};
		1A619DD41D09927A009F8EA9 /* Release */ = {
			isa = XCBuildConfiguration;
			buildSettings = {
				ASSETCATALOG_COMPILER_APPICON_NAME = AppIcon;
				INFOPLIST_FILE = Viper/Info.plist;
				LD_RUNPATH_SEARCH_PATHS = "$(inherited) @executable_path/Frameworks";
				PRODUCT_BUNDLE_IDENTIFIER = VINT.Viper;
				PRODUCT_NAME = "$(TARGET_NAME)";
			};
			name = Release;
		};
/* End XCBuildConfiguration section */

/* Begin XCConfigurationList section */
		1A619DB61D09927A009F8EA9 /* Build configuration list for PBXProject "Viper" */ = {
			isa = XCConfigurationList;
			buildConfigurations = (
				1A619DD01D09927A009F8EA9 /* Debug */,
				1A619DD11D09927A009F8EA9 /* Release */,
			);
			defaultConfigurationIsVisible = 0;
			defaultConfigurationName = Release;
		};
		1A619DD21D09927A009F8EA9 /* Build configuration list for PBXNativeTarget "Viper" */ = {
			isa = XCConfigurationList;
			buildConfigurations = (
				1A619DD31D09927A009F8EA9 /* Debug */,
				1A619DD41D09927A009F8EA9 /* Release */,
			);
			defaultConfigurationIsVisible = 0;
		};
/* End XCConfigurationList section */
	};
	rootObject = 1A619DB31D09927A009F8EA9 /* Project object */;
}
