// !$*UTF8*$!
{
	archiveVersion = 1;
	classes = {
	};
	objectVersion = 46;
	objects = {

/* Begin PBXBuildFile section */
		1A619DFF1D0EC135009F8EA9 /* main.m in Sources */ = {isa = PBXBuildFile; fileRef = 1A619DFE1D0EC135009F8EA9 /* main.m */; };
		1A619E021D0EC135009F8EA9 /* AppDelegate.m in Sources */ = {isa = PBXBuildFile; fileRef = 1A619E011D0EC135009F8EA9 /* AppDelegate.m */; };
		1A619E0A1D0EC135009F8EA9 /* Assets.xcassets in Resources */ = {isa = PBXBuildFile; fileRef = 1A619E091D0EC135009F8EA9 /* Assets.xcassets */; };
		1A619E0D1D0EC135009F8EA9 /* LaunchScreen.storyboard in Resources */ = {isa = PBXBuildFile; fileRef = 1A619E0B1D0EC135009F8EA9 /* LaunchScreen.storyboard */; };
		1A619E1F1D0EC2D5009F8EA9 /* LoginModel.m in Sources */ = {isa = PBXBuildFile; fileRef = 1A619E1E1D0EC2D5009F8EA9 /* LoginModel.m */; };
		1A619E221D0EC2EF009F8EA9 /* LoginInteractor.m in Sources */ = {isa = PBXBuildFile; fileRef = 1A619E211D0EC2EF009F8EA9 /* LoginInteractor.m */; };
		1A619E251D0EC300009F8EA9 /* LoginPresenter.m in Sources */ = {isa = PBXBuildFile; fileRef = 1A619E241D0EC300009F8EA9 /* LoginPresenter.m */; };
		1A619E281D0EC31A009F8EA9 /* LoginVC.m in Sources */ = {isa = PBXBuildFile; fileRef = 1A619E271D0EC31A009F8EA9 /* LoginVC.m */; };
		1A619E2B1D0EC3F0009F8EA9 /* LoginView.m in Sources */ = {isa = PBXBuildFile; fileRef = 1A619E2A1D0EC3F0009F8EA9 /* LoginView.m */; };
		1A619E2E1D0EC40A009F8EA9 /* LoginWireframe.m in Sources */ = {isa = PBXBuildFile; fileRef = 1A619E2D1D0EC40A009F8EA9 /* LoginWireframe.m */; };
		1A619E3B1D101A20009F8EA9 /* Authorization.storyboard in Resources */ = {isa = PBXBuildFile; fileRef = 1A619E3A1D101A20009F8EA9 /* Authorization.storyboard */; };
		1A619E3E1D101A3F009F8EA9 /* UIStoryboard+Category.m in Sources */ = {isa = PBXBuildFile; fileRef = 1A619E3D1D101A3F009F8EA9 /* UIStoryboard+Category.m */; };
		1A619E431D102255009F8EA9 /* NSError+Category.m in Sources */ = {isa = PBXBuildFile; fileRef = 1A619E421D102255009F8EA9 /* NSError+Category.m */; };
		1A619E471D1024D8009F8EA9 /* UIViewController+Category.m in Sources */ = {isa = PBXBuildFile; fileRef = 1A619E461D1024D8009F8EA9 /* UIViewController+Category.m */; };
		1A619E531D1031D7009F8EA9 /* RegistrationDomainModel.m in Sources */ = {isa = PBXBuildFile; fileRef = 1A619E521D1031D7009F8EA9 /* RegistrationDomainModel.m */; };
		1A619E561D1031EA009F8EA9 /* RegistrationInteractor.m in Sources */ = {isa = PBXBuildFile; fileRef = 1A619E551D1031EA009F8EA9 /* RegistrationInteractor.m */; };
		1A619E591D10330B009F8EA9 /* RegistrationPresenter.m in Sources */ = {isa = PBXBuildFile; fileRef = 1A619E581D10330B009F8EA9 /* RegistrationPresenter.m */; };
		1A619E5C1D103324009F8EA9 /* RegistrationWireframe.m in Sources */ = {isa = PBXBuildFile; fileRef = 1A619E5B1D103324009F8EA9 /* RegistrationWireframe.m */; };
		1A619E5F1D10335E009F8EA9 /* RegistrationView.m in Sources */ = {isa = PBXBuildFile; fileRef = 1A619E5E1D10335E009F8EA9 /* RegistrationView.m */; };
		1A619E621D103370009F8EA9 /* RegistrationVC.m in Sources */ = {isa = PBXBuildFile; fileRef = 1A619E611D103370009F8EA9 /* RegistrationVC.m */; };
/* End PBXBuildFile section */

/* Begin PBXFileReference section */
		1A619DFA1D0EC135009F8EA9 /* ViperTest.app */ = {isa = PBXFileReference; explicitFileType = wrapper.application; includeInIndex = 0; path = ViperTest.app; sourceTree = BUILT_PRODUCTS_DIR; };
		1A619DFE1D0EC135009F8EA9 /* main.m */ = {isa = PBXFileReference; lastKnownFileType = sourcecode.c.objc; path = main.m; sourceTree = "<group>"; };
		1A619E001D0EC135009F8EA9 /* AppDelegate.h */ = {isa = PBXFileReference; lastKnownFileType = sourcecode.c.h; path = AppDelegate.h; sourceTree = "<group>"; };
		1A619E011D0EC135009F8EA9 /* AppDelegate.m */ = {isa = PBXFileReference; lastKnownFileType = sourcecode.c.objc; lineEnding = 0; path = AppDelegate.m; sourceTree = "<group>"; xcLanguageSpecificationIdentifier = xcode.lang.objc; };
		1A619E091D0EC135009F8EA9 /* Assets.xcassets */ = {isa = PBXFileReference; lastKnownFileType = folder.assetcatalog; path = Assets.xcassets; sourceTree = "<group>"; };
		1A619E0C1D0EC135009F8EA9 /* Base */ = {isa = PBXFileReference; lastKnownFileType = file.storyboard; name = Base; path = Base.lproj/LaunchScreen.storyboard; sourceTree = "<group>"; };
		1A619E0E1D0EC135009F8EA9 /* Info.plist */ = {isa = PBXFileReference; lastKnownFileType = text.plist.xml; path = Info.plist; sourceTree = "<group>"; };
		1A619E1D1D0EC2D5009F8EA9 /* LoginModel.h */ = {isa = PBXFileReference; fileEncoding = 4; lastKnownFileType = sourcecode.c.h; path = LoginModel.h; sourceTree = "<group>"; };
		1A619E1E1D0EC2D5009F8EA9 /* LoginModel.m */ = {isa = PBXFileReference; fileEncoding = 4; lastKnownFileType = sourcecode.c.objc; path = LoginModel.m; sourceTree = "<group>"; };
		1A619E201D0EC2EF009F8EA9 /* LoginInteractor.h */ = {isa = PBXFileReference; fileEncoding = 4; lastKnownFileType = sourcecode.c.h; path = LoginInteractor.h; sourceTree = "<group>"; };
		1A619E211D0EC2EF009F8EA9 /* LoginInteractor.m */ = {isa = PBXFileReference; fileEncoding = 4; lastKnownFileType = sourcecode.c.objc; path = LoginInteractor.m; sourceTree = "<group>"; };
		1A619E231D0EC300009F8EA9 /* LoginPresenter.h */ = {isa = PBXFileReference; fileEncoding = 4; lastKnownFileType = sourcecode.c.h; lineEnding = 0; path = LoginPresenter.h; sourceTree = "<group>"; xcLanguageSpecificationIdentifier = xcode.lang.objcpp; };
		1A619E241D0EC300009F8EA9 /* LoginPresenter.m */ = {isa = PBXFileReference; fileEncoding = 4; lastKnownFileType = sourcecode.c.objc; path = LoginPresenter.m; sourceTree = "<group>"; };
		1A619E261D0EC31A009F8EA9 /* LoginVC.h */ = {isa = PBXFileReference; fileEncoding = 4; lastKnownFileType = sourcecode.c.h; lineEnding = 0; path = LoginVC.h; sourceTree = "<group>"; xcLanguageSpecificationIdentifier = xcode.lang.objcpp; };
		1A619E271D0EC31A009F8EA9 /* LoginVC.m */ = {isa = PBXFileReference; fileEncoding = 4; lastKnownFileType = sourcecode.c.objc; lineEnding = 0; path = LoginVC.m; sourceTree = "<group>"; xcLanguageSpecificationIdentifier = xcode.lang.objc; };
		1A619E291D0EC3F0009F8EA9 /* LoginView.h */ = {isa = PBXFileReference; fileEncoding = 4; lastKnownFileType = sourcecode.c.h; path = LoginView.h; sourceTree = "<group>"; };
		1A619E2A1D0EC3F0009F8EA9 /* LoginView.m */ = {isa = PBXFileReference; fileEncoding = 4; lastKnownFileType = sourcecode.c.objc; path = LoginView.m; sourceTree = "<group>"; };
		1A619E2C1D0EC40A009F8EA9 /* LoginWireframe.h */ = {isa = PBXFileReference; fileEncoding = 4; lastKnownFileType = sourcecode.c.h; path = LoginWireframe.h; sourceTree = "<group>"; };
		1A619E2D1D0EC40A009F8EA9 /* LoginWireframe.m */ = {isa = PBXFileReference; fileEncoding = 4; lastKnownFileType = sourcecode.c.objc; lineEnding = 0; path = LoginWireframe.m; sourceTree = "<group>"; xcLanguageSpecificationIdentifier = xcode.lang.objc; };
		1A619E2F1D0EC4BD009F8EA9 /* LoginIO.h */ = {isa = PBXFileReference; fileEncoding = 4; lastKnownFileType = sourcecode.c.h; path = LoginIO.h; sourceTree = "<group>"; };
		1A619E3A1D101A20009F8EA9 /* Authorization.storyboard */ = {isa = PBXFileReference; fileEncoding = 4; lastKnownFileType = file.storyboard; path = Authorization.storyboard; sourceTree = "<group>"; };
		1A619E3C1D101A3F009F8EA9 /* UIStoryboard+Category.h */ = {isa = PBXFileReference; fileEncoding = 4; lastKnownFileType = sourcecode.c.h; path = "UIStoryboard+Category.h"; sourceTree = "<group>"; };
		1A619E3D1D101A3F009F8EA9 /* UIStoryboard+Category.m */ = {isa = PBXFileReference; fileEncoding = 4; lastKnownFileType = sourcecode.c.objc; path = "UIStoryboard+Category.m"; sourceTree = "<group>"; };
		1A619E3F1D102054009F8EA9 /* LoginViewIO.h */ = {isa = PBXFileReference; fileEncoding = 4; lastKnownFileType = sourcecode.c.h; path = LoginViewIO.h; sourceTree = "<group>"; };
		1A619E411D102255009F8EA9 /* NSError+Category.h */ = {isa = PBXFileReference; fileEncoding = 4; lastKnownFileType = sourcecode.c.h; path = "NSError+Category.h"; sourceTree = "<group>"; };
		1A619E421D102255009F8EA9 /* NSError+Category.m */ = {isa = PBXFileReference; fileEncoding = 4; lastKnownFileType = sourcecode.c.objc; path = "NSError+Category.m"; sourceTree = "<group>"; };
		1A619E451D1024D8009F8EA9 /* UIViewController+Category.h */ = {isa = PBXFileReference; fileEncoding = 4; lastKnownFileType = sourcecode.c.h; path = "UIViewController+Category.h"; sourceTree = "<group>"; };
		1A619E461D1024D8009F8EA9 /* UIViewController+Category.m */ = {isa = PBXFileReference; fileEncoding = 4; lastKnownFileType = sourcecode.c.objc; path = "UIViewController+Category.m"; sourceTree = "<group>"; };
		1A619E511D1031D7009F8EA9 /* RegistrationDomainModel.h */ = {isa = PBXFileReference; fileEncoding = 4; lastKnownFileType = sourcecode.c.h; path = RegistrationDomainModel.h; sourceTree = "<group>"; };
		1A619E521D1031D7009F8EA9 /* RegistrationDomainModel.m */ = {isa = PBXFileReference; fileEncoding = 4; lastKnownFileType = sourcecode.c.objc; path = RegistrationDomainModel.m; sourceTree = "<group>"; };
		1A619E541D1031EA009F8EA9 /* RegistrationInteractor.h */ = {isa = PBXFileReference; fileEncoding = 4; lastKnownFileType = sourcecode.c.h; path = RegistrationInteractor.h; sourceTree = "<group>"; };
		1A619E551D1031EA009F8EA9 /* RegistrationInteractor.m */ = {isa = PBXFileReference; fileEncoding = 4; lastKnownFileType = sourcecode.c.objc; path = RegistrationInteractor.m; sourceTree = "<group>"; };
		1A619E571D10330B009F8EA9 /* RegistrationPresenter.h */ = {isa = PBXFileReference; fileEncoding = 4; lastKnownFileType = sourcecode.c.h; path = RegistrationPresenter.h; sourceTree = "<group>"; };
		1A619E581D10330B009F8EA9 /* RegistrationPresenter.m */ = {isa = PBXFileReference; fileEncoding = 4; lastKnownFileType = sourcecode.c.objc; path = RegistrationPresenter.m; sourceTree = "<group>"; };
		1A619E5A1D103324009F8EA9 /* RegistrationWireframe.h */ = {isa = PBXFileReference; fileEncoding = 4; lastKnownFileType = sourcecode.c.h; path = RegistrationWireframe.h; sourceTree = "<group>"; };
		1A619E5B1D103324009F8EA9 /* RegistrationWireframe.m */ = {isa = PBXFileReference; fileEncoding = 4; lastKnownFileType = sourcecode.c.objc; path = RegistrationWireframe.m; sourceTree = "<group>"; };
		1A619E5D1D10335E009F8EA9 /* RegistrationView.h */ = {isa = PBXFileReference; fileEncoding = 4; lastKnownFileType = sourcecode.c.h; path = RegistrationView.h; sourceTree = "<group>"; };
		1A619E5E1D10335E009F8EA9 /* RegistrationView.m */ = {isa = PBXFileReference; fileEncoding = 4; lastKnownFileType = sourcecode.c.objc; path = RegistrationView.m; sourceTree = "<group>"; };
		1A619E601D103370009F8EA9 /* RegistrationVC.h */ = {isa = PBXFileReference; fileEncoding = 4; lastKnownFileType = sourcecode.c.h; path = RegistrationVC.h; sourceTree = "<group>"; };
		1A619E611D103370009F8EA9 /* RegistrationVC.m */ = {isa = PBXFileReference; fileEncoding = 4; lastKnownFileType = sourcecode.c.objc; path = RegistrationVC.m; sourceTree = "<group>"; };
		1A619E671D103E91009F8EA9 /* PrefixHeader.pch */ = {isa = PBXFileReference; lastKnownFileType = sourcecode.c.h; path = PrefixHeader.pch; sourceTree = "<group>"; };
		1A619E681D105227009F8EA9 /* RegistrationIO.h */ = {isa = PBXFileReference; fileEncoding = 4; lastKnownFileType = sourcecode.c.h; path = RegistrationIO.h; sourceTree = "<group>"; };
		1A619E691D105237009F8EA9 /* RegistrationViewIO.h */ = {isa = PBXFileReference; fileEncoding = 4; lastKnownFileType = sourcecode.c.h; path = RegistrationViewIO.h; sourceTree = "<group>"; };
/* End PBXFileReference section */

/* Begin PBXFrameworksBuildPhase section */
		1A619DF71D0EC135009F8EA9 /* Frameworks */ = {
			isa = PBXFrameworksBuildPhase;
			buildActionMask = 2147483647;
			files = (
			);
			runOnlyForDeploymentPostprocessing = 0;
		};
/* End PBXFrameworksBuildPhase section */

/* Begin PBXGroup section */
		1A619DF11D0EC135009F8EA9 = {
			isa = PBXGroup;
			children = (
				1A619DFC1D0EC135009F8EA9 /* ViperTest */,
				1A619DFB1D0EC135009F8EA9 /* Products */,
			);
			sourceTree = "<group>";
		};
		1A619DFB1D0EC135009F8EA9 /* Products */ = {
			isa = PBXGroup;
			children = (
				1A619DFA1D0EC135009F8EA9 /* ViperTest.app */,
			);
			name = Products;
			sourceTree = "<group>";
		};
		1A619DFC1D0EC135009F8EA9 /* ViperTest */ = {
			isa = PBXGroup;
			children = (
				1A619E001D0EC135009F8EA9 /* AppDelegate.h */,
				1A619E011D0EC135009F8EA9 /* AppDelegate.m */,
				1A619E091D0EC135009F8EA9 /* Assets.xcassets */,
				1A619E0E1D0EC135009F8EA9 /* Info.plist */,
				1A619E0B1D0EC135009F8EA9 /* LaunchScreen.storyboard */,
				1A619E341D10198D009F8EA9 /* Library */,
				1A619E141D0EC2B4009F8EA9 /* LoginModule */,
				1A619E481D1031AA009F8EA9 /* RegistrationModule */,
				1A619E391D1019FC009F8EA9 /* Resources */,
				1A619DFD1D0EC135009F8EA9 /* Supporting Files */,
				1A619E671D103E91009F8EA9 /* PrefixHeader.pch */,
			);
			path = ViperTest;
			sourceTree = "<group>";
		};
		1A619DFD1D0EC135009F8EA9 /* Supporting Files */ = {
			isa = PBXGroup;
			children = (
				1A619DFE1D0EC135009F8EA9 /* main.m */,
			);
			name = "Supporting Files";
			sourceTree = "<group>";
		};
		1A619E141D0EC2B4009F8EA9 /* LoginModule */ = {
			isa = PBXGroup;
			children = (
				1A619E151D0EC2B4009F8EA9 /* ApplicationLogic */,
				1A619E181D0EC2B4009F8EA9 /* ModuleInterface */,
				1A619E191D0EC2B4009F8EA9 /* UserInterface */,
			);
			path = LoginModule;
			sourceTree = "<group>";
		};
		1A619E151D0EC2B4009F8EA9 /* ApplicationLogic */ = {
			isa = PBXGroup;
			children = (
				1A619E161D0EC2B4009F8EA9 /* Intercator */,
				1A619E171D0EC2B4009F8EA9 /* Model */,
			);
			path = ApplicationLogic;
			sourceTree = "<group>";
		};
		1A619E161D0EC2B4009F8EA9 /* Intercator */ = {
			isa = PBXGroup;
			children = (
				1A619E201D0EC2EF009F8EA9 /* LoginInteractor.h */,
				1A619E211D0EC2EF009F8EA9 /* LoginInteractor.m */,
			);
			path = Intercator;
			sourceTree = "<group>";
		};
		1A619E171D0EC2B4009F8EA9 /* Model */ = {
			isa = PBXGroup;
			children = (
				1A619E1D1D0EC2D5009F8EA9 /* LoginModel.h */,
				1A619E1E1D0EC2D5009F8EA9 /* LoginModel.m */,
			);
			path = Model;
			sourceTree = "<group>";
		};
		1A619E181D0EC2B4009F8EA9 /* ModuleInterface */ = {
			isa = PBXGroup;
			children = (
				1A619E2F1D0EC4BD009F8EA9 /* LoginIO.h */,
				1A619E3F1D102054009F8EA9 /* LoginViewIO.h */,
			);
			path = ModuleInterface;
			sourceTree = "<group>";
		};
		1A619E191D0EC2B4009F8EA9 /* UserInterface */ = {
			isa = PBXGroup;
			children = (
				1A619E1A1D0EC2B4009F8EA9 /* Presenter */,
				1A619E1B1D0EC2B4009F8EA9 /* View */,
				1A619E1C1D0EC2B4009F8EA9 /* Wireframe */,
			);
			path = UserInterface;
			sourceTree = "<group>";
		};
		1A619E1A1D0EC2B4009F8EA9 /* Presenter */ = {
			isa = PBXGroup;
			children = (
				1A619E231D0EC300009F8EA9 /* LoginPresenter.h */,
				1A619E241D0EC300009F8EA9 /* LoginPresenter.m */,
			);
			path = Presenter;
			sourceTree = "<group>";
		};
		1A619E1B1D0EC2B4009F8EA9 /* View */ = {
			isa = PBXGroup;
			children = (
				1A619E261D0EC31A009F8EA9 /* LoginVC.h */,
				1A619E271D0EC31A009F8EA9 /* LoginVC.m */,
				1A619E291D0EC3F0009F8EA9 /* LoginView.h */,
				1A619E2A1D0EC3F0009F8EA9 /* LoginView.m */,
			);
			path = View;
			sourceTree = "<group>";
		};
		1A619E1C1D0EC2B4009F8EA9 /* Wireframe */ = {
			isa = PBXGroup;
			children = (
				1A619E2C1D0EC40A009F8EA9 /* LoginWireframe.h */,
				1A619E2D1D0EC40A009F8EA9 /* LoginWireframe.m */,
			);
			path = Wireframe;
			sourceTree = "<group>";
		};
		1A619E341D10198D009F8EA9 /* Library */ = {
			isa = PBXGroup;
			children = (
				1A619E401D102235009F8EA9 /* NSError */,
				1A619E351D10198D009F8EA9 /* NSString */,
				1A619E361D10198D009F8EA9 /* Storyboard */,
				1A619E441D1024C1009F8EA9 /* UIViewController */,
			);
			path = Library;
			sourceTree = "<group>";
		};
		1A619E351D10198D009F8EA9 /* NSString */ = {
			isa = PBXGroup;
			children = (
			);
			path = NSString;
			sourceTree = "<group>";
		};
		1A619E361D10198D009F8EA9 /* Storyboard */ = {
			isa = PBXGroup;
			children = (
				1A619E3C1D101A3F009F8EA9 /* UIStoryboard+Category.h */,
				1A619E3D1D101A3F009F8EA9 /* UIStoryboard+Category.m */,
			);
			path = Storyboard;
			sourceTree = "<group>";
		};
		1A619E391D1019FC009F8EA9 /* Resources */ = {
			isa = PBXGroup;
			children = (
				1A619E3A1D101A20009F8EA9 /* Authorization.storyboard */,
			);
			path = Resources;
			sourceTree = "<group>";
		};
		1A619E401D102235009F8EA9 /* NSError */ = {
			isa = PBXGroup;
			children = (
				1A619E411D102255009F8EA9 /* NSError+Category.h */,
				1A619E421D102255009F8EA9 /* NSError+Category.m */,
			);
			path = NSError;
			sourceTree = "<group>";
		};
		1A619E441D1024C1009F8EA9 /* UIViewController */ = {
			isa = PBXGroup;
			children = (
				1A619E451D1024D8009F8EA9 /* UIViewController+Category.h */,
				1A619E461D1024D8009F8EA9 /* UIViewController+Category.m */,
			);
			path = UIViewController;
			sourceTree = "<group>";
		};
		1A619E481D1031AA009F8EA9 /* RegistrationModule */ = {
			isa = PBXGroup;
			children = (
				1A619E491D1031AA009F8EA9 /* ApplicationLogic */,
				1A619E4C1D1031AA009F8EA9 /* ModuleInterface */,
				1A619E4D1D1031AA009F8EA9 /* UserInterface */,
			);
			path = RegistrationModule;
			sourceTree = "<group>";
		};
		1A619E491D1031AA009F8EA9 /* ApplicationLogic */ = {
			isa = PBXGroup;
			children = (
				1A619E4A1D1031AA009F8EA9 /* Interactor */,
				1A619E4B1D1031AA009F8EA9 /* Model */,
			);
			path = ApplicationLogic;
			sourceTree = "<group>";
		};
		1A619E4A1D1031AA009F8EA9 /* Interactor */ = {
			isa = PBXGroup;
			children = (
				1A619E541D1031EA009F8EA9 /* RegistrationInteractor.h */,
				1A619E551D1031EA009F8EA9 /* RegistrationInteractor.m */,
			);
			path = Interactor;
			sourceTree = "<group>";
		};
		1A619E4B1D1031AA009F8EA9 /* Model */ = {
			isa = PBXGroup;
			children = (
				1A619E511D1031D7009F8EA9 /* RegistrationDomainModel.h */,
				1A619E521D1031D7009F8EA9 /* RegistrationDomainModel.m */,
			);
			path = Model;
			sourceTree = "<group>";
		};
		1A619E4C1D1031AA009F8EA9 /* ModuleInterface */ = {
			isa = PBXGroup;
			children = (
				1A619E681D105227009F8EA9 /* RegistrationIO.h */,
				1A619E691D105237009F8EA9 /* RegistrationViewIO.h */,
			);
			path = ModuleInterface;
			sourceTree = "<group>";
		};
		1A619E4D1D1031AA009F8EA9 /* UserInterface */ = {
			isa = PBXGroup;
			children = (
				1A619E4E1D1031AA009F8EA9 /* Presenter */,
				1A619E4F1D1031AA009F8EA9 /* View */,
				1A619E501D1031AA009F8EA9 /* Wireframe */,
			);
			path = UserInterface;
			sourceTree = "<group>";
		};
		1A619E4E1D1031AA009F8EA9 /* Presenter */ = {
			isa = PBXGroup;
			children = (
				1A619E571D10330B009F8EA9 /* RegistrationPresenter.h */,
				1A619E581D10330B009F8EA9 /* RegistrationPresenter.m */,
			);
			path = Presenter;
			sourceTree = "<group>";
		};
		1A619E4F1D1031AA009F8EA9 /* View */ = {
			isa = PBXGroup;
			children = (
				1A619E601D103370009F8EA9 /* RegistrationVC.h */,
				1A619E611D103370009F8EA9 /* RegistrationVC.m */,
				1A619E5D1D10335E009F8EA9 /* RegistrationView.h */,
				1A619E5E1D10335E009F8EA9 /* RegistrationView.m */,
			);
			path = View;
			sourceTree = "<group>";
		};
		1A619E501D1031AA009F8EA9 /* Wireframe */ = {
			isa = PBXGroup;
			children = (
				1A619E5A1D103324009F8EA9 /* RegistrationWireframe.h */,
				1A619E5B1D103324009F8EA9 /* RegistrationWireframe.m */,
			);
			path = Wireframe;
			sourceTree = "<group>";
		};
/* End PBXGroup section */

/* Begin PBXNativeTarget section */
		1A619DF91D0EC135009F8EA9 /* ViperTest */ = {
			isa = PBXNativeTarget;
			buildConfigurationList = 1A619E111D0EC135009F8EA9 /* Build configuration list for PBXNativeTarget "ViperTest" */;
			buildPhases = (
				1A619DF61D0EC135009F8EA9 /* Sources */,
				1A619DF71D0EC135009F8EA9 /* Frameworks */,
				1A619DF81D0EC135009F8EA9 /* Resources */,
			);
			buildRules = (
			);
			dependencies = (
			);
			name = ViperTest;
			productName = ViperTest;
			productReference = 1A619DFA1D0EC135009F8EA9 /* ViperTest.app */;
			productType = "com.apple.product-type.application";
		};
/* End PBXNativeTarget section */

/* Begin PBXProject section */
		1A619DF21D0EC135009F8EA9 /* Project object */ = {
			isa = PBXProject;
			attributes = {
				LastUpgradeCheck = 0730;
				ORGANIZATIONNAME = "Nikita Vintonovich";
				TargetAttributes = {
					1A619DF91D0EC135009F8EA9 = {
						CreatedOnToolsVersion = 7.3;
					};
				};
			};
			buildConfigurationList = 1A619DF51D0EC135009F8EA9 /* Build configuration list for PBXProject "ViperTest" */;
			compatibilityVersion = "Xcode 3.2";
			developmentRegion = English;
			hasScannedForEncodings = 0;
			knownRegions = (
				en,
				Base,
			);
			mainGroup = 1A619DF11D0EC135009F8EA9;
			productRefGroup = 1A619DFB1D0EC135009F8EA9 /* Products */;
			projectDirPath = "";
			projectRoot = "";
			targets = (
				1A619DF91D0EC135009F8EA9 /* ViperTest */,
			);
		};
/* End PBXProject section */

/* Begin PBXResourcesBuildPhase section */
		1A619DF81D0EC135009F8EA9 /* Resources */ = {
			isa = PBXResourcesBuildPhase;
			buildActionMask = 2147483647;
			files = (
				1A619E3B1D101A20009F8EA9 /* Authorization.storyboard in Resources */,
				1A619E0D1D0EC135009F8EA9 /* LaunchScreen.storyboard in Resources */,
				1A619E0A1D0EC135009F8EA9 /* Assets.xcassets in Resources */,
			);
			runOnlyForDeploymentPostprocessing = 0;
		};
/* End PBXResourcesBuildPhase section */

/* Begin PBXSourcesBuildPhase section */
		1A619DF61D0EC135009F8EA9 /* Sources */ = {
			isa = PBXSourcesBuildPhase;
			buildActionMask = 2147483647;
			files = (
				1A619E531D1031D7009F8EA9 /* RegistrationDomainModel.m in Sources */,
				1A619E3E1D101A3F009F8EA9 /* UIStoryboard+Category.m in Sources */,
				1A619E431D102255009F8EA9 /* NSError+Category.m in Sources */,
				1A619E5F1D10335E009F8EA9 /* RegistrationView.m in Sources */,
				1A619E621D103370009F8EA9 /* RegistrationVC.m in Sources */,
				1A619E591D10330B009F8EA9 /* RegistrationPresenter.m in Sources */,
				1A619E221D0EC2EF009F8EA9 /* LoginInteractor.m in Sources */,
				1A619E021D0EC135009F8EA9 /* AppDelegate.m in Sources */,
				1A619E2B1D0EC3F0009F8EA9 /* LoginView.m in Sources */,
				1A619E561D1031EA009F8EA9 /* RegistrationInteractor.m in Sources */,
				1A619E471D1024D8009F8EA9 /* UIViewController+Category.m in Sources */,
				1A619E281D0EC31A009F8EA9 /* LoginVC.m in Sources */,
				1A619E251D0EC300009F8EA9 /* LoginPresenter.m in Sources */,
				1A619DFF1D0EC135009F8EA9 /* main.m in Sources */,
				1A619E5C1D103324009F8EA9 /* RegistrationWireframe.m in Sources */,
				1A619E2E1D0EC40A009F8EA9 /* LoginWireframe.m in Sources */,
				1A619E1F1D0EC2D5009F8EA9 /* LoginModel.m in Sources */,
			);
			runOnlyForDeploymentPostprocessing = 0;
		};
/* End PBXSourcesBuildPhase section */

/* Begin PBXVariantGroup section */
		1A619E0B1D0EC135009F8EA9 /* LaunchScreen.storyboard */ = {
			isa = PBXVariantGroup;
			children = (
				1A619E0C1D0EC135009F8EA9 /* Base */,
			);
			name = LaunchScreen.storyboard;
			sourceTree = "<group>";
		};
/* End PBXVariantGroup section */

/* Begin XCBuildConfiguration section */
		1A619E0F1D0EC135009F8EA9 /* Debug */ = {
			isa = XCBuildConfiguration;
			buildSettings = {
				ALWAYS_SEARCH_USER_PATHS = NO;
				CLANG_ANALYZER_NONNULL = YES;
				CLANG_CXX_LANGUAGE_STANDARD = "gnu++0x";
				CLANG_CXX_LIBRARY = "libc++";
				CLANG_ENABLE_MODULES = YES;
				CLANG_ENABLE_OBJC_ARC = YES;
				CLANG_WARN_BOOL_CONVERSION = YES;
				CLANG_WARN_CONSTANT_CONVERSION = YES;
				CLANG_WARN_DIRECT_OBJC_ISA_USAGE = YES_ERROR;
				CLANG_WARN_EMPTY_BODY = YES;
				CLANG_WARN_ENUM_CONVERSION = YES;
				CLANG_WARN_INT_CONVERSION = YES;
				CLANG_WARN_OBJC_ROOT_CLASS = YES_ERROR;
				CLANG_WARN_UNREACHABLE_CODE = YES;
				CLANG_WARN__DUPLICATE_METHOD_MATCH = YES;
				"CODE_SIGN_IDENTITY[sdk=iphoneos*]" = "iPhone Developer";
				COPY_PHASE_STRIP = NO;
				DEBUG_INFORMATION_FORMAT = dwarf;
				ENABLE_STRICT_OBJC_MSGSEND = YES;
				ENABLE_TESTABILITY = YES;
				GCC_C_LANGUAGE_STANDARD = gnu99;
				GCC_DYNAMIC_NO_PIC = NO;
				GCC_NO_COMMON_BLOCKS = YES;
				GCC_OPTIMIZATION_LEVEL = 0;
				GCC_PREPROCESSOR_DEFINITIONS = (
					"DEBUG=1",
					"$(inherited)",
				);
				GCC_WARN_64_TO_32_BIT_CONVERSION = YES;
				GCC_WARN_ABOUT_RETURN_TYPE = YES_ERROR;
				GCC_WARN_UNDECLARED_SELECTOR = YES;
				GCC_WARN_UNINITIALIZED_AUTOS = YES_AGGRESSIVE;
				GCC_WARN_UNUSED_FUNCTION = YES;
				GCC_WARN_UNUSED_VARIABLE = YES;
				IPHONEOS_DEPLOYMENT_TARGET = 9.3;
				MTL_ENABLE_DEBUG_INFO = YES;
				ONLY_ACTIVE_ARCH = YES;
				SDKROOT = iphoneos;
				TARGETED_DEVICE_FAMILY = "1,2";
			};
			name = Debug;
		};
		1A619E101D0EC135009F8EA9 /* Release */ = {
			isa = XCBuildConfiguration;
			buildSettings = {
				ALWAYS_SEARCH_USER_PATHS = NO;
				CLANG_ANALYZER_NONNULL = YES;
				CLANG_CXX_LANGUAGE_STANDARD = "gnu++0x";
				CLANG_CXX_LIBRARY = "libc++";
				CLANG_ENABLE_MODULES = YES;
				CLANG_ENABLE_OBJC_ARC = YES;
				CLANG_WARN_BOOL_CONVERSION = YES;
				CLANG_WARN_CONSTANT_CONVERSION = YES;
				CLANG_WARN_DIRECT_OBJC_ISA_USAGE = YES_ERROR;
				CLANG_WARN_EMPTY_BODY = YES;
				CLANG_WARN_ENUM_CONVERSION = YES;
				CLANG_WARN_INT_CONVERSION = YES;
				CLANG_WARN_OBJC_ROOT_CLASS = YES_ERROR;
				CLANG_WARN_UNREACHABLE_CODE = YES;
				CLANG_WARN__DUPLICATE_METHOD_MATCH = YES;
				"CODE_SIGN_IDENTITY[sdk=iphoneos*]" = "iPhone Developer";
				COPY_PHASE_STRIP = NO;
				DEBUG_INFORMATION_FORMAT = "dwarf-with-dsym";
				ENABLE_NS_ASSERTIONS = NO;
				ENABLE_STRICT_OBJC_MSGSEND = YES;
				GCC_C_LANGUAGE_STANDARD = gnu99;
				GCC_NO_COMMON_BLOCKS = YES;
				GCC_WARN_64_TO_32_BIT_CONVERSION = YES;
				GCC_WARN_ABOUT_RETURN_TYPE = YES_ERROR;
				GCC_WARN_UNDECLARED_SELECTOR = YES;
				GCC_WARN_UNINITIALIZED_AUTOS = YES_AGGRESSIVE;
				GCC_WARN_UNUSED_FUNCTION = YES;
				GCC_WARN_UNUSED_VARIABLE = YES;
				IPHONEOS_DEPLOYMENT_TARGET = 9.3;
				MTL_ENABLE_DEBUG_INFO = NO;
				SDKROOT = iphoneos;
				TARGETED_DEVICE_FAMILY = "1,2";
				VALIDATE_PRODUCT = YES;
			};
			name = Release;
		};
		1A619E121D0EC135009F8EA9 /* Debug */ = {
			isa = XCBuildConfiguration;
			buildSettings = {
				ASSETCATALOG_COMPILER_APPICON_NAME = AppIcon;
				GCC_PRECOMPILE_PREFIX_HEADER = YES;
				GCC_PREFIX_HEADER = ViperTest/PrefixHeader.pch;
				INFOPLIST_FILE = ViperTest/Info.plist;
				LD_RUNPATH_SEARCH_PATHS = "$(inherited) @executable_path/Frameworks";
				PRODUCT_BUNDLE_IDENTIFIER = VINT.ViperTest;
				PRODUCT_NAME = "$(TARGET_NAME)";
			};
			name = Debug;
		};
		1A619E131D0EC135009F8EA9 /* Release */ = {
			isa = XCBuildConfiguration;
			buildSettings = {
				ASSETCATALOG_COMPILER_APPICON_NAME = AppIcon;
				GCC_PRECOMPILE_PREFIX_HEADER = YES;
				GCC_PREFIX_HEADER = ViperTest/PrefixHeader.pch;
				INFOPLIST_FILE = ViperTest/Info.plist;
				LD_RUNPATH_SEARCH_PATHS = "$(inherited) @executable_path/Frameworks";
				PRODUCT_BUNDLE_IDENTIFIER = VINT.ViperTest;
				PRODUCT_NAME = "$(TARGET_NAME)";
			};
			name = Release;
		};
/* End XCBuildConfiguration section */

/* Begin XCConfigurationList section */
		1A619DF51D0EC135009F8EA9 /* Build configuration list for PBXProject "ViperTest" */ = {
			isa = XCConfigurationList;
			buildConfigurations = (
				1A619E0F1D0EC135009F8EA9 /* Debug */,
				1A619E101D0EC135009F8EA9 /* Release */,
			);
			defaultConfigurationIsVisible = 0;
			defaultConfigurationName = Release;
		};
		1A619E111D0EC135009F8EA9 /* Build configuration list for PBXNativeTarget "ViperTest" */ = {
			isa = XCConfigurationList;
			buildConfigurations = (
				1A619E121D0EC135009F8EA9 /* Debug */,
				1A619E131D0EC135009F8EA9 /* Release */,
			);
			defaultConfigurationIsVisible = 0;
			defaultConfigurationName = Release;
		};
/* End XCConfigurationList section */
	};
	rootObject = 1A619DF21D0EC135009F8EA9 /* Project object */;
}
